
Microsoft Visual Studio Solution File, Format Version 12.00
# Visual Studio 15
VisualStudioVersion = 15.0.27130.2010
MinimumVisualStudioVersion = 10.0.40219.1
Project("{9A19103F-16F7-4668-BE54-9A1E7A4F7556}") = "CWPIO", "CWPIO\CWPIO.csproj", "{A66CE7FB-67F0-4134-8103-75E9173C2F65}"
EndProject
Project("{9A19103F-16F7-4668-BE54-9A1E7A4F7556}") = "Microsoft.Extensions.Logging.Slack", "..\..\Microsoft.Extensions.Logging.Slack\Microsoft.Extensions.Logging.Slack\Microsoft.Extensions.Logging.Slack.csproj", "{89A6DEF4-884A-41F9-BBFE-5396B9F0DE16}"
EndProject
Project("{FAE04EC0-301F-11D3-BF4B-00C04F79EFBC}") = "Slack.Webhooks.Core", "Slack.Webhooks.Core\Slack.Webhooks.Core.csproj", "{839C1639-C5D9-4CAB-94C6-05690C9BD858}"
EndProject
Global
	GlobalSection(SolutionConfigurationPlatforms) = preSolution
		Debug|Any CPU = Debug|Any CPU
		Debug|x86 = Debug|x86
		Release 3.5|Any CPU = Release 3.5|Any CPU
		Release 3.5|x86 = Release 3.5|x86
		Release|Any CPU = Release|Any CPU
		Release|x86 = Release|x86
	EndGlobalSection
	GlobalSection(ProjectConfigurationPlatforms) = postSolution
		{A66CE7FB-67F0-4134-8103-75E9173C2F65}.Debug|Any CPU.ActiveCfg = Debug|Any CPU
		{A66CE7FB-67F0-4134-8103-75E9173C2F65}.Debug|Any CPU.Build.0 = Debug|Any CPU
		{A66CE7FB-67F0-4134-8103-75E9173C2F65}.Debug|x86.ActiveCfg = Debug|Any CPU
		{A66CE7FB-67F0-4134-8103-75E9173C2F65}.Debug|x86.Build.0 = Debug|Any CPU
		{A66CE7FB-67F0-4134-8103-75E9173C2F65}.Release 3.5|Any CPU.ActiveCfg = Release|Any CPU
		{A66CE7FB-67F0-4134-8103-75E9173C2F65}.Release 3.5|Any CPU.Build.0 = Release|Any CPU
		{A66CE7FB-67F0-4134-8103-75E9173C2F65}.Release 3.5|x86.ActiveCfg = Release|Any CPU
		{A66CE7FB-67F0-4134-8103-75E9173C2F65}.Release 3.5|x86.Build.0 = Release|Any CPU
		{A66CE7FB-67F0-4134-8103-75E9173C2F65}.Release|Any CPU.ActiveCfg = Release|Any CPU
		{A66CE7FB-67F0-4134-8103-75E9173C2F65}.Release|Any CPU.Build.0 = Release|Any CPU
		{A66CE7FB-67F0-4134-8103-75E9173C2F65}.Release|x86.ActiveCfg = Release|Any CPU
		{A66CE7FB-67F0-4134-8103-75E9173C2F65}.Release|x86.Build.0 = Release|Any CPU
		{89A6DEF4-884A-41F9-BBFE-5396B9F0DE16}.Debug|Any CPU.ActiveCfg = Debug|Any CPU
		{89A6DEF4-884A-41F9-BBFE-5396B9F0DE16}.Debug|Any CPU.Build.0 = Debug|Any CPU
		{89A6DEF4-884A-41F9-BBFE-5396B9F0DE16}.Debug|x86.ActiveCfg = Debug|Any CPU
		{89A6DEF4-884A-41F9-BBFE-5396B9F0DE16}.Debug|x86.Build.0 = Debug|Any CPU
		{89A6DEF4-884A-41F9-BBFE-5396B9F0DE16}.Release 3.5|Any CPU.ActiveCfg = Release|Any CPU
		{89A6DEF4-884A-41F9-BBFE-5396B9F0DE16}.Release 3.5|Any CPU.Build.0 = Release|Any CPU
		{89A6DEF4-884A-41F9-BBFE-5396B9F0DE16}.Release 3.5|x86.ActiveCfg = Release|Any CPU
		{89A6DEF4-884A-41F9-BBFE-5396B9F0DE16}.Release 3.5|x86.Build.0 = Release|Any CPU
		{89A6DEF4-884A-41F9-BBFE-5396B9F0DE16}.Release|Any CPU.ActiveCfg = Release|Any CPU
		{89A6DEF4-884A-41F9-BBFE-5396B9F0DE16}.Release|Any CPU.Build.0 = Release|Any CPU
		{89A6DEF4-884A-41F9-BBFE-5396B9F0DE16}.Release|x86.ActiveCfg = Release|Any CPU
		{89A6DEF4-884A-41F9-BBFE-5396B9F0DE16}.Release|x86.Build.0 = Release|Any CPU
		{839C1639-C5D9-4CAB-94C6-05690C9BD858}.Debug|Any CPU.ActiveCfg = Debug|Any CPU
		{839C1639-C5D9-4CAB-94C6-05690C9BD858}.Debug|Any CPU.Build.0 = Debug|Any CPU
		{839C1639-C5D9-4CAB-94C6-05690C9BD858}.Debug|x86.ActiveCfg = Debug|Any CPU
		{839C1639-C5D9-4CAB-94C6-05690C9BD858}.Debug|x86.Build.0 = Debug|Any CPU
		{839C1639-C5D9-4CAB-94C6-05690C9BD858}.Release 3.5|Any CPU.ActiveCfg = Release|Any CPU
		{839C1639-C5D9-4CAB-94C6-05690C9BD858}.Release 3.5|Any CPU.Build.0 = Release|Any CPU
		{839C1639-C5D9-4CAB-94C6-05690C9BD858}.Release 3.5|x86.ActiveCfg = Release|Any CPU
		{839C1639-C5D9-4CAB-94C6-05690C9BD858}.Release 3.5|x86.Build.0 = Release|Any CPU
		{839C1639-C5D9-4CAB-94C6-05690C9BD858}.Release|Any CPU.ActiveCfg = Release|Any CPU
		{839C1639-C5D9-4CAB-94C6-05690C9BD858}.Release|Any CPU.Build.0 = Release|Any CPU
		{839C1639-C5D9-4CAB-94C6-05690C9BD858}.Release|x86.ActiveCfg = Release|Any CPU
		{839C1639-C5D9-4CAB-94C6-05690C9BD858}.Release|x86.Build.0 = Release|Any CPU
	EndGlobalSection
	GlobalSection(SolutionProperties) = preSolution
		HideSolutionNode = FALSE
	EndGlobalSection
	GlobalSection(ExtensibilityGlobals) = postSolution
		SolutionGuid = {984D470A-A1A4-44C3-92AC-99F8D92E5F37}
	EndGlobalSection
EndGlobal
