
Microsoft Visual Studio Solution File, Format Version 12.00
# Visual Studio 15
VisualStudioVersion = 15.0.27004.2005
MinimumVisualStudioVersion = 10.0.40219.1
Project("{9A19103F-16F7-4668-BE54-9A1E7A4F7556}") = "CWPIO", "CWPIO\CWPIO.csproj", "{A66CE7FB-67F0-4134-8103-75E9173C2F65}"
EndProject
Project("{9A19103F-16F7-4668-BE54-9A1E7A4F7556}") = "Slack.Webhooks.Core", "Slack.Webhooks.Core\Slack.Webhooks.Core.csproj", "{839C1639-C5D9-4CAB-94C6-05690C9BD858}"
EndProject
Project("{9A19103F-16F7-4668-BE54-9A1E7A4F7556}") = "Microsoft.Extensions.Logging.Slack", "Microsoft.Extensions.Logging.Slack\Microsoft.Extensions.Logging.Slack.csproj", "{9984EF17-53D0-4461-972D-616114588ACB}"
EndProject
Project("{FAE04EC0-301F-11D3-BF4B-00C04F79EFBC}") = "cwp2", "cwp2\cwp2.csproj", "{D228CB76-D3F5-441E-A0AB-76C8F5B321F4}"
EndProject
Global
	GlobalSection(SolutionConfigurationPlatforms) = preSolution
		Debug|Any CPU = Debug|Any CPU
		Debug|x86 = Debug|x86
		Release 3.5|Any CPU = Release 3.5|Any CPU
		Release 3.5|x86 = Release 3.5|x86
		Release|Any CPU = Release|Any CPU
		Release|x86 = Release|x86
	EndGlobalSection
	GlobalSection(ProjectConfigurationPlatforms) = postSolution
		{A66CE7FB-67F0-4134-8103-75E9173C2F65}.Debug|Any CPU.ActiveCfg = Debug|Any CPU
		{A66CE7FB-67F0-4134-8103-75E9173C2F65}.Debug|Any CPU.Build.0 = Debug|Any CPU
		{A66CE7FB-67F0-4134-8103-75E9173C2F65}.Debug|x86.ActiveCfg = Debug|Any CPU
		{A66CE7FB-67F0-4134-8103-75E9173C2F65}.Debug|x86.Build.0 = Debug|Any CPU
		{A66CE7FB-67F0-4134-8103-75E9173C2F65}.Release 3.5|Any CPU.ActiveCfg = Release|Any CPU
		{A66CE7FB-67F0-4134-8103-75E9173C2F65}.Release 3.5|Any CPU.Build.0 = Release|Any CPU
		{A66CE7FB-67F0-4134-8103-75E9173C2F65}.Release 3.5|x86.ActiveCfg = Release|Any CPU
		{A66CE7FB-67F0-4134-8103-75E9173C2F65}.Release 3.5|x86.Build.0 = Release|Any CPU
		{A66CE7FB-67F0-4134-8103-75E9173C2F65}.Release|Any CPU.ActiveCfg = Release|Any CPU
		{A66CE7FB-67F0-4134-8103-75E9173C2F65}.Release|Any CPU.Build.0 = Release|Any CPU
		{A66CE7FB-67F0-4134-8103-75E9173C2F65}.Release|x86.ActiveCfg = Release|Any CPU
		{A66CE7FB-67F0-4134-8103-75E9173C2F65}.Release|x86.Build.0 = Release|Any CPU
		{839C1639-C5D9-4CAB-94C6-05690C9BD858}.Debug|Any CPU.ActiveCfg = Debug|Any CPU
		{839C1639-C5D9-4CAB-94C6-05690C9BD858}.Debug|Any CPU.Build.0 = Debug|Any CPU
		{839C1639-C5D9-4CAB-94C6-05690C9BD858}.Debug|x86.ActiveCfg = Debug|Any CPU
		{839C1639-C5D9-4CAB-94C6-05690C9BD858}.Debug|x86.Build.0 = Debug|Any CPU
		{839C1639-C5D9-4CAB-94C6-05690C9BD858}.Release 3.5|Any CPU.ActiveCfg = Release|Any CPU
		{839C1639-C5D9-4CAB-94C6-05690C9BD858}.Release 3.5|Any CPU.Build.0 = Release|Any CPU
		{839C1639-C5D9-4CAB-94C6-05690C9BD858}.Release 3.5|x86.ActiveCfg = Release|Any CPU
		{839C1639-C5D9-4CAB-94C6-05690C9BD858}.Release 3.5|x86.Build.0 = Release|Any CPU
		{839C1639-C5D9-4CAB-94C6-05690C9BD858}.Release|Any CPU.ActiveCfg = Release|Any CPU
		{839C1639-C5D9-4CAB-94C6-05690C9BD858}.Release|Any CPU.Build.0 = Release|Any CPU
		{839C1639-C5D9-4CAB-94C6-05690C9BD858}.Release|x86.ActiveCfg = Release|Any CPU
		{839C1639-C5D9-4CAB-94C6-05690C9BD858}.Release|x86.Build.0 = Release|Any CPU
		{9984EF17-53D0-4461-972D-616114588ACB}.Debug|Any CPU.ActiveCfg = Debug|Any CPU
		{9984EF17-53D0-4461-972D-616114588ACB}.Debug|Any CPU.Build.0 = Debug|Any CPU
		{9984EF17-53D0-4461-972D-616114588ACB}.Debug|x86.ActiveCfg = Debug|Any CPU
		{9984EF17-53D0-4461-972D-616114588ACB}.Debug|x86.Build.0 = Debug|Any CPU
		{9984EF17-53D0-4461-972D-616114588ACB}.Release 3.5|Any CPU.ActiveCfg = Release|Any CPU
		{9984EF17-53D0-4461-972D-616114588ACB}.Release 3.5|Any CPU.Build.0 = Release|Any CPU
		{9984EF17-53D0-4461-972D-616114588ACB}.Release 3.5|x86.ActiveCfg = Release|Any CPU
		{9984EF17-53D0-4461-972D-616114588ACB}.Release 3.5|x86.Build.0 = Release|Any CPU
		{9984EF17-53D0-4461-972D-616114588ACB}.Release|Any CPU.ActiveCfg = Release|Any CPU
		{9984EF17-53D0-4461-972D-616114588ACB}.Release|Any CPU.Build.0 = Release|Any CPU
		{9984EF17-53D0-4461-972D-616114588ACB}.Release|x86.ActiveCfg = Release|Any CPU
		{9984EF17-53D0-4461-972D-616114588ACB}.Release|x86.Build.0 = Release|Any CPU
		{D228CB76-D3F5-441E-A0AB-76C8F5B321F4}.Debug|Any CPU.ActiveCfg = Debug|Any CPU
		{D228CB76-D3F5-441E-A0AB-76C8F5B321F4}.Debug|Any CPU.Build.0 = Debug|Any CPU
		{D228CB76-D3F5-441E-A0AB-76C8F5B321F4}.Debug|x86.ActiveCfg = Debug|x86
		{D228CB76-D3F5-441E-A0AB-76C8F5B321F4}.Debug|x86.Build.0 = Debug|x86
		{D228CB76-D3F5-441E-A0AB-76C8F5B321F4}.Release 3.5|Any CPU.ActiveCfg = Release 3.5|Any CPU
		{D228CB76-D3F5-441E-A0AB-76C8F5B321F4}.Release 3.5|Any CPU.Build.0 = Release 3.5|Any CPU
		{D228CB76-D3F5-441E-A0AB-76C8F5B321F4}.Release 3.5|x86.ActiveCfg = Release 3.5|x86
		{D228CB76-D3F5-441E-A0AB-76C8F5B321F4}.Release 3.5|x86.Build.0 = Release 3.5|x86
		{D228CB76-D3F5-441E-A0AB-76C8F5B321F4}.Release|Any CPU.ActiveCfg = Release|Any CPU
		{D228CB76-D3F5-441E-A0AB-76C8F5B321F4}.Release|Any CPU.Build.0 = Release|Any CPU
		{D228CB76-D3F5-441E-A0AB-76C8F5B321F4}.Release|x86.ActiveCfg = Release|x86
		{D228CB76-D3F5-441E-A0AB-76C8F5B321F4}.Release|x86.Build.0 = Release|x86
	EndGlobalSection
	GlobalSection(SolutionProperties) = preSolution
		HideSolutionNode = FALSE
	EndGlobalSection
	GlobalSection(ExtensibilityGlobals) = postSolution
		SolutionGuid = {984D470A-A1A4-44C3-92AC-99F8D92E5F37}
	EndGlobalSection
EndGlobal
